﻿
Microsoft Visual Studio Solution File, Format Version 12.00
# Visual Studio 14
VisualStudioVersion = 14.0.22823.1
MinimumVisualStudioVersion = 10.0.40219.1
Project("{2150E333-8FDC-42A3-9474-1A3956D46DE8}") = "build", "build", "{81734721-37FF-4383-9D03-595F9AFFE39E}"
	ProjectSection(SolutionItems) = preProject
		gulpfile.js = gulpfile.js
		package.json = package.json
	EndProjectSection
EndProject
Project("{FAE04EC0-301F-11D3-BF4B-00C04F79EFBC}") = "Server", "Server\Server.csproj", "{6AE795C2-9D2A-4418-A0BD-06A4DBC0284A}"
EndProject
Project("{FAE04EC0-301F-11D3-BF4B-00C04F79EFBC}") = "Client", "Client\Client.csproj", "{7F26B763-A79F-4F32-AB51-02EC4E1F15AA}"
EndProject
Project("{2150E333-8FDC-42A3-9474-1A3956D46DE8}") = "resources", "resources", "{64CFD947-3C68-4C61-A3C5-6576F4B49297}"
	ProjectSection(SolutionItems) = preProject
		resources\config.json = resources\config.json
	EndProjectSection
EndProject
Global
	GlobalSection(SolutionConfigurationPlatforms) = preSolution
		Debug|Any CPU = Debug|Any CPU
		Release|Any CPU = Release|Any CPU
	EndGlobalSection
	GlobalSection(ProjectConfigurationPlatforms) = postSolution
		{6AE795C2-9D2A-4418-A0BD-06A4DBC0284A}.Debug|Any CPU.ActiveCfg = Debug|Any CPU
		{6AE795C2-9D2A-4418-A0BD-06A4DBC0284A}.Debug|Any CPU.Build.0 = Debug|Any CPU
		{6AE795C2-9D2A-4418-A0BD-06A4DBC0284A}.Release|Any CPU.ActiveCfg = Release|Any CPU
		{6AE795C2-9D2A-4418-A0BD-06A4DBC0284A}.Release|Any CPU.Build.0 = Release|Any CPU
		{7F26B763-A79F-4F32-AB51-02EC4E1F15AA}.Debug|Any CPU.ActiveCfg = Debug|Any CPU
		{7F26B763-A79F-4F32-AB51-02EC4E1F15AA}.Debug|Any CPU.Build.0 = Debug|Any CPU
		{7F26B763-A79F-4F32-AB51-02EC4E1F15AA}.Release|Any CPU.ActiveCfg = Release|Any CPU
		{7F26B763-A79F-4F32-AB51-02EC4E1F15AA}.Release|Any CPU.Build.0 = Release|Any CPU
	EndGlobalSection
	GlobalSection(SolutionProperties) = preSolution
		HideSolutionNode = FALSE
	EndGlobalSection
EndGlobal
